<?xml version="1.0" encoding="utf-8"?>
<Project ToolsVersion="4.0" xmlns="http://schemas.microsoft.com/developer/msbuild/2003">
  <ItemGroup>
    <Filter Include="Исходные файлы">
      <UniqueIdentifier>{4FC737F1-C7A5-4376-A066-2A32D752A2FF}</UniqueIdentifier>
      <Extensions>cpp;c;cc;cxx;c++;cppm;ixx;def;odl;idl;hpj;bat;asm;asmx</Extensions>
    </Filter>
    <Filter Include="Файлы заголовков">
      <UniqueIdentifier>{93995380-89BD-4b04-88EB-625FBE52EBFB}</UniqueIdentifier>
      <Extensions>h;hh;hpp;hxx;h++;hm;inl;inc;ipp;xsd</Extensions>
    </Filter>
    <Filter Include="Файлы ресурсов">
      <UniqueIdentifier>{67DA6AB6-F800-4c08-8B7A-83BB121AAD01}</UniqueIdentifier>
      <Extensions>rc;ico;cur;bmp;dlg;rc2;rct;bin;rgs;gif;jpg;jpeg;jpe;resx;tiff;tif;png;wav;mfcribbon-ms</Extensions>
    </Filter>
    <Filter Include="Файлы ресурсов\NewFilter1">
      <UniqueIdentifier>{9215c56a-871b-4b21-80d1-ae3490133ae9}</UniqueIdentifier>
    </Filter>
    <Filter Include="Файлы заголовков\vessel">
      <UniqueIdentifier>{551a46d0-aca7-4e50-9524-2b5d91bfc6e4}</UniqueIdentifier>
    </Filter>
    <Filter Include="Файлы заголовков\1">
      <UniqueIdentifier>{24fab910-ec7b-4263-8167-f2f4b27b155f}</UniqueIdentifier>
    </Filter>
  </ItemGroup>
  <ItemGroup>
    <ClCompile Include="aircraft_carrier.cpp">
      <Filter>Исходные файлы</Filter>
    </ClCompile>
    <ClCompile Include="descriptor.cpp">
      <Filter>Исходные файлы</Filter>
    </ClCompile>
    <ClCompile Include="main.cpp">
      <Filter>Исходные файлы</Filter>
    </ClCompile>
    <ClCompile Include="table.cpp">
      <Filter>Исходные файлы</Filter>
    </ClCompile>
    <ClCompile Include="vessel.cpp">
      <Filter>Исходные файлы</Filter>
    </ClCompile>
    <ClCompile Include="warehouse.cpp">
      <Filter>Исходные файлы</Filter>
    </ClCompile>
    <ClCompile Include="armament.cpp">
      <Filter>Исходные файлы</Filter>
    </ClCompile>
    <ClCompile Include="heavy_armament.cpp">
      <Filter>Исходные файлы</Filter>
    </ClCompile>
    <ClCompile Include="lung_armament.cpp">
      <Filter>Исходные файлы</Filter>
    </ClCompile>
    <ClCompile Include="airplane.cpp">
      <Filter>Исходные файлы</Filter>
    </ClCompile>
    <ClCompile Include="fighter.cpp">
      <Filter>Исходные файлы</Filter>
    </ClCompile>
    <ClCompile Include="stormtrooper.cpp">
      <Filter>Исходные файлы</Filter>
    </ClCompile>
    <ClCompile Include="armed_cruiser.cpp">
      <Filter>Исходные файлы</Filter>
    </ClCompile>
    <ClCompile Include="object.cpp">
      <Filter>Исходные файлы</Filter>
    </ClCompile>
  </ItemGroup>
  <ItemGroup>
    <ClInclude Include="descriptor.h">
      <Filter>Файлы заголовков</Filter>
    </ClInclude>
    <ClInclude Include="table.h">
      <Filter>Файлы заголовков</Filter>
    </ClInclude>
    <ClInclude Include="warehouse.h">
      <Filter>Файлы заголовков</Filter>
    </ClInclude>
    <ClInclude Include="armament.h">
      <Filter>Файлы заголовков</Filter>
    </ClInclude>
    <ClInclude Include="heavy_armament.h">
      <Filter>Файлы заголовков</Filter>
    </ClInclude>
    <ClInclude Include="lung_armament.h">
      <Filter>Файлы заголовков</Filter>
    </ClInclude>
    <ClInclude Include="vessel.h">
      <Filter>Файлы заголовков\vessel</Filter>
    </ClInclude>
    <ClInclude Include="aircraft_carrier.h">
      <Filter>Файлы заголовков\vessel</Filter>
    </ClInclude>
    <ClInclude Include="armed_cruiser.h">
      <Filter>Файлы заголовков\vessel</Filter>
    </ClInclude>
    <ClInclude Include="stormtrooper.h">
      <Filter>Файлы заголовков\1</Filter>
    </ClInclude>
    <ClInclude Include="fighter.h">
      <Filter>Файлы заголовков\1</Filter>
    </ClInclude>
    <ClInclude Include="airplane.h">
      <Filter>Файлы заголовков\1</Filter>
    </ClInclude>
    <ClInclude Include="object.h">
      <Filter>Файлы заголовков</Filter>
    </ClInclude>
  </ItemGroup>
</Project>